
Microsoft Visual Studio Solution File, Format Version 12.00
# Visual Studio Version 17
VisualStudioVersion = 17.6.33801.468
MinimumVisualStudioVersion = 10.0.40219.1
Project("{FAE04EC0-301F-11D3-BF4B-00C04F79EFBC}") = "B-Q01", "B-Q01\B-Q01.csproj", "{18D989AF-52C9-41F1-9A9D-FA1DD209CA6A}"
EndProject
Global
	GlobalSection(SolutionConfigurationPlatforms) = preSolution
		Debug|Any CPU = Debug|Any CPU
		Release|Any CPU = Release|Any CPU
	EndGlobalSection
	GlobalSection(ProjectConfigurationPlatforms) = postSolution
		{18D989AF-52C9-41F1-9A9D-FA1DD209CA6A}.Debug|Any CPU.ActiveCfg = Debug|Any CPU
		{18D989AF-52C9-41F1-9A9D-FA1DD209CA6A}.Debug|Any CPU.Build.0 = Debug|Any CPU
		{18D989AF-52C9-41F1-9A9D-FA1DD209CA6A}.Release|Any CPU.ActiveCfg = Release|Any CPU
		{18D989AF-52C9-41F1-9A9D-FA1DD209CA6A}.Release|Any CPU.Build.0 = Release|Any CPU
	EndGlobalSection
	GlobalSection(SolutionProperties) = preSolution
		HideSolutionNode = FALSE
	EndGlobalSection
	GlobalSection(ExtensibilityGlobals) = postSolution
		SolutionGuid = {0FAED26B-45C4-49A8-8746-449A6CEDCD42}
	EndGlobalSection
EndGlobal
